
Microsoft Visual Studio Solution File, Format Version 12.00
# Visual Studio Version 17
VisualStudioVersion = 17.14.36429.23
MinimumVisualStudioVersion = 10.0.40219.1
Project("{2150E333-8FDC-42A3-9474-1A3956D46DE8}") = "Backend", "Backend", "{827E0CD3-B72D-47B6-A68D-7590B98EB39B}"
EndProject
Project("{FAE04EC0-301F-11D3-BF4B-00C04F79EFBC}") = "Ecommerce.Api", "Backend\Ecommerce.Api\Ecommerce.Api.csproj", "{24652A94-C4BE-4FE5-9F70-8DF6D0E69EFF}"
EndProject
Project("{FAE04EC0-301F-11D3-BF4B-00C04F79EFBC}") = "Ecommerce.Domain", "Backend\Ecommerce.Domain\Ecommerce.Domain.csproj", "{E69F26D9-BFF9-4FDB-B3B4-F740C372886A}"
EndProject
Project("{FAE04EC0-301F-11D3-BF4B-00C04F79EFBC}") = "Ecommerce.Application", "Backend\Ecommerce.Application\Ecommerce.Application.csproj", "{84A8DFC4-D2DC-41F1-B9A7-83A80654DBCC}"
EndProject
Project("{FAE04EC0-301F-11D3-BF4B-00C04F79EFBC}") = "Ecommerce.Infrastructure", "Backend\Ecommerce.Infrastructure\Ecommerce.Infrastructure.csproj", "{71D46388-4AD2-4E4D-9AC3-B8BD98756439}"
EndProject
Project("{2150E333-8FDC-42A3-9474-1A3956D46DE8}") = "tests", "tests", "{0AB3BF05-4346-4AA6-1389-037BE0695223}"
EndProject
Project("{FAE04EC0-301F-11D3-BF4B-00C04F79EFBC}") = "Ecommerce.UnitTests", "tests\Ecommerce.UnitTests\Ecommerce.UnitTests.csproj", "{289440B2-1CE1-4D6F-AF26-26A529C05835}"
EndProject
Project("{FAE04EC0-301F-11D3-BF4B-00C04F79EFBC}") = "Ecommerce.IntegrationTests", "tests\Ecommerce.IntegrationTests\Ecommerce.IntegrationTests.csproj", "{A25C1535-D0E0-49A9-BEC1-C385EA4742EA}"
EndProject
Global
	GlobalSection(SolutionConfigurationPlatforms) = preSolution
		Debug|Any CPU = Debug|Any CPU
		Debug|x64 = Debug|x64
		Debug|x86 = Debug|x86
		Release|Any CPU = Release|Any CPU
		Release|x64 = Release|x64
		Release|x86 = Release|x86
	EndGlobalSection
	GlobalSection(ProjectConfigurationPlatforms) = postSolution
		{24652A94-C4BE-4FE5-9F70-8DF6D0E69EFF}.Debug|Any CPU.ActiveCfg = Debug|Any CPU
		{24652A94-C4BE-4FE5-9F70-8DF6D0E69EFF}.Debug|Any CPU.Build.0 = Debug|Any CPU
		{24652A94-C4BE-4FE5-9F70-8DF6D0E69EFF}.Debug|x64.ActiveCfg = Debug|Any CPU
		{24652A94-C4BE-4FE5-9F70-8DF6D0E69EFF}.Debug|x64.Build.0 = Debug|Any CPU
		{24652A94-C4BE-4FE5-9F70-8DF6D0E69EFF}.Debug|x86.ActiveCfg = Debug|Any CPU
		{24652A94-C4BE-4FE5-9F70-8DF6D0E69EFF}.Debug|x86.Build.0 = Debug|Any CPU
		{24652A94-C4BE-4FE5-9F70-8DF6D0E69EFF}.Release|Any CPU.ActiveCfg = Release|Any CPU
		{24652A94-C4BE-4FE5-9F70-8DF6D0E69EFF}.Release|Any CPU.Build.0 = Release|Any CPU
		{24652A94-C4BE-4FE5-9F70-8DF6D0E69EFF}.Release|x64.ActiveCfg = Release|Any CPU
		{24652A94-C4BE-4FE5-9F70-8DF6D0E69EFF}.Release|x64.Build.0 = Release|Any CPU
		{24652A94-C4BE-4FE5-9F70-8DF6D0E69EFF}.Release|x86.ActiveCfg = Release|Any CPU
		{24652A94-C4BE-4FE5-9F70-8DF6D0E69EFF}.Release|x86.Build.0 = Release|Any CPU
		{E69F26D9-BFF9-4FDB-B3B4-F740C372886A}.Debug|Any CPU.ActiveCfg = Debug|Any CPU
		{E69F26D9-BFF9-4FDB-B3B4-F740C372886A}.Debug|Any CPU.Build.0 = Debug|Any CPU
		{E69F26D9-BFF9-4FDB-B3B4-F740C372886A}.Debug|x64.ActiveCfg = Debug|Any CPU
		{E69F26D9-BFF9-4FDB-B3B4-F740C372886A}.Debug|x64.Build.0 = Debug|Any CPU
		{E69F26D9-BFF9-4FDB-B3B4-F740C372886A}.Debug|x86.ActiveCfg = Debug|Any CPU
		{E69F26D9-BFF9-4FDB-B3B4-F740C372886A}.Debug|x86.Build.0 = Debug|Any CPU
		{E69F26D9-BFF9-4FDB-B3B4-F740C372886A}.Release|Any CPU.ActiveCfg = Release|Any CPU
		{E69F26D9-BFF9-4FDB-B3B4-F740C372886A}.Release|Any CPU.Build.0 = Release|Any CPU
		{E69F26D9-BFF9-4FDB-B3B4-F740C372886A}.Release|x64.ActiveCfg = Release|Any CPU
		{E69F26D9-BFF9-4FDB-B3B4-F740C372886A}.Release|x64.Build.0 = Release|Any CPU
		{E69F26D9-BFF9-4FDB-B3B4-F740C372886A}.Release|x86.ActiveCfg = Release|Any CPU
		{E69F26D9-BFF9-4FDB-B3B4-F740C372886A}.Release|x86.Build.0 = Release|Any CPU
		{84A8DFC4-D2DC-41F1-B9A7-83A80654DBCC}.Debug|Any CPU.ActiveCfg = Debug|Any CPU
		{84A8DFC4-D2DC-41F1-B9A7-83A80654DBCC}.Debug|Any CPU.Build.0 = Debug|Any CPU
		{84A8DFC4-D2DC-41F1-B9A7-83A80654DBCC}.Debug|x64.ActiveCfg = Debug|Any CPU
		{84A8DFC4-D2DC-41F1-B9A7-83A80654DBCC}.Debug|x64.Build.0 = Debug|Any CPU
		{84A8DFC4-D2DC-41F1-B9A7-83A80654DBCC}.Debug|x86.ActiveCfg = Debug|Any CPU
		{84A8DFC4-D2DC-41F1-B9A7-83A80654DBCC}.Debug|x86.Build.0 = Debug|Any CPU
		{84A8DFC4-D2DC-41F1-B9A7-83A80654DBCC}.Release|Any CPU.ActiveCfg = Release|Any CPU
		{84A8DFC4-D2DC-41F1-B9A7-83A80654DBCC}.Release|Any CPU.Build.0 = Release|Any CPU
		{84A8DFC4-D2DC-41F1-B9A7-83A80654DBCC}.Release|x64.ActiveCfg = Release|Any CPU
		{84A8DFC4-D2DC-41F1-B9A7-83A80654DBCC}.Release|x64.Build.0 = Release|Any CPU
		{84A8DFC4-D2DC-41F1-B9A7-83A80654DBCC}.Release|x86.ActiveCfg = Release|Any CPU
		{84A8DFC4-D2DC-41F1-B9A7-83A80654DBCC}.Release|x86.Build.0 = Release|Any CPU
		{71D46388-4AD2-4E4D-9AC3-B8BD98756439}.Debug|Any CPU.ActiveCfg = Debug|Any CPU
		{71D46388-4AD2-4E4D-9AC3-B8BD98756439}.Debug|Any CPU.Build.0 = Debug|Any CPU
		{71D46388-4AD2-4E4D-9AC3-B8BD98756439}.Debug|x64.ActiveCfg = Debug|Any CPU
		{71D46388-4AD2-4E4D-9AC3-B8BD98756439}.Debug|x64.Build.0 = Debug|Any CPU
		{71D46388-4AD2-4E4D-9AC3-B8BD98756439}.Debug|x86.ActiveCfg = Debug|Any CPU
		{71D46388-4AD2-4E4D-9AC3-B8BD98756439}.Debug|x86.Build.0 = Debug|Any CPU
		{71D46388-4AD2-4E4D-9AC3-B8BD98756439}.Release|Any CPU.ActiveCfg = Release|Any CPU
		{71D46388-4AD2-4E4D-9AC3-B8BD98756439}.Release|Any CPU.Build.0 = Release|Any CPU
		{71D46388-4AD2-4E4D-9AC3-B8BD98756439}.Release|x64.ActiveCfg = Release|Any CPU
		{71D46388-4AD2-4E4D-9AC3-B8BD98756439}.Release|x64.Build.0 = Release|Any CPU
		{71D46388-4AD2-4E4D-9AC3-B8BD98756439}.Release|x86.ActiveCfg = Release|Any CPU
		{71D46388-4AD2-4E4D-9AC3-B8BD98756439}.Release|x86.Build.0 = Release|Any CPU
		{289440B2-1CE1-4D6F-AF26-26A529C05835}.Debug|Any CPU.ActiveCfg = Debug|Any CPU
		{289440B2-1CE1-4D6F-AF26-26A529C05835}.Debug|Any CPU.Build.0 = Debug|Any CPU
		{289440B2-1CE1-4D6F-AF26-26A529C05835}.Debug|x64.ActiveCfg = Debug|Any CPU
		{289440B2-1CE1-4D6F-AF26-26A529C05835}.Debug|x64.Build.0 = Debug|Any CPU
		{289440B2-1CE1-4D6F-AF26-26A529C05835}.Debug|x86.ActiveCfg = Debug|Any CPU
		{289440B2-1CE1-4D6F-AF26-26A529C05835}.Debug|x86.Build.0 = Debug|Any CPU
		{289440B2-1CE1-4D6F-AF26-26A529C05835}.Release|Any CPU.ActiveCfg = Release|Any CPU
		{289440B2-1CE1-4D6F-AF26-26A529C05835}.Release|Any CPU.Build.0 = Release|Any CPU
		{289440B2-1CE1-4D6F-AF26-26A529C05835}.Release|x64.ActiveCfg = Release|Any CPU
		{289440B2-1CE1-4D6F-AF26-26A529C05835}.Release|x64.Build.0 = Release|Any CPU
		{289440B2-1CE1-4D6F-AF26-26A529C05835}.Release|x86.ActiveCfg = Release|Any CPU
		{289440B2-1CE1-4D6F-AF26-26A529C05835}.Release|x86.Build.0 = Release|Any CPU
		{A25C1535-D0E0-49A9-BEC1-C385EA4742EA}.Debug|Any CPU.ActiveCfg = Debug|Any CPU
		{A25C1535-D0E0-49A9-BEC1-C385EA4742EA}.Debug|Any CPU.Build.0 = Debug|Any CPU
		{A25C1535-D0E0-49A9-BEC1-C385EA4742EA}.Debug|x64.ActiveCfg = Debug|Any CPU
		{A25C1535-D0E0-49A9-BEC1-C385EA4742EA}.Debug|x64.Build.0 = Debug|Any CPU
		{A25C1535-D0E0-49A9-BEC1-C385EA4742EA}.Debug|x86.ActiveCfg = Debug|Any CPU
		{A25C1535-D0E0-49A9-BEC1-C385EA4742EA}.Debug|x86.Build.0 = Debug|Any CPU
		{A25C1535-D0E0-49A9-BEC1-C385EA4742EA}.Release|Any CPU.ActiveCfg = Release|Any CPU
		{A25C1535-D0E0-49A9-BEC1-C385EA4742EA}.Release|Any CPU.Build.0 = Release|Any CPU
		{A25C1535-D0E0-49A9-BEC1-C385EA4742EA}.Release|x64.ActiveCfg = Release|Any CPU
		{A25C1535-D0E0-49A9-BEC1-C385EA4742EA}.Release|x64.Build.0 = Release|Any CPU
		{A25C1535-D0E0-49A9-BEC1-C385EA4742EA}.Release|x86.ActiveCfg = Release|Any CPU
		{A25C1535-D0E0-49A9-BEC1-C385EA4742EA}.Release|x86.Build.0 = Release|Any CPU
	EndGlobalSection
	GlobalSection(SolutionProperties) = preSolution
		HideSolutionNode = FALSE
	EndGlobalSection
	GlobalSection(NestedProjects) = preSolution
		{24652A94-C4BE-4FE5-9F70-8DF6D0E69EFF} = {827E0CD3-B72D-47B6-A68D-7590B98EB39B}
		{E69F26D9-BFF9-4FDB-B3B4-F740C372886A} = {827E0CD3-B72D-47B6-A68D-7590B98EB39B}
		{84A8DFC4-D2DC-41F1-B9A7-83A80654DBCC} = {827E0CD3-B72D-47B6-A68D-7590B98EB39B}
		{71D46388-4AD2-4E4D-9AC3-B8BD98756439} = {827E0CD3-B72D-47B6-A68D-7590B98EB39B}
		{289440B2-1CE1-4D6F-AF26-26A529C05835} = {0AB3BF05-4346-4AA6-1389-037BE0695223}
		{A25C1535-D0E0-49A9-BEC1-C385EA4742EA} = {0AB3BF05-4346-4AA6-1389-037BE0695223}
	EndGlobalSection
	GlobalSection(ExtensibilityGlobals) = postSolution
		SolutionGuid = {2A6FA4D9-592F-4A8E-BF41-95C4DADF4ECB}
	EndGlobalSection
EndGlobal
